
Microsoft Visual Studio Solution File, Format Version 12.00
# Visual Studio 15
VisualStudioVersion = 15.0.28307.572
MinimumVisualStudioVersion = 10.0.40219.1
Project("{FAE04EC0-301F-11D3-BF4B-00C04F79EFBC}") = "GrafikPracyTest", "GrafikPracyTest\GrafikPracyTest.csproj", "{D9A5BEC4-1220-4FBC-B1E7-DA407D930639}"
EndProject
Global
	GlobalSection(SolutionConfigurationPlatforms) = preSolution
		Debug|Any CPU = Debug|Any CPU
		Release|Any CPU = Release|Any CPU
	EndGlobalSection
	GlobalSection(ProjectConfigurationPlatforms) = postSolution
		{D9A5BEC4-1220-4FBC-B1E7-DA407D930639}.Debug|Any CPU.ActiveCfg = Debug|Any CPU
		{D9A5BEC4-1220-4FBC-B1E7-DA407D930639}.Debug|Any CPU.Build.0 = Debug|Any CPU
		{D9A5BEC4-1220-4FBC-B1E7-DA407D930639}.Release|Any CPU.ActiveCfg = Release|Any CPU
		{D9A5BEC4-1220-4FBC-B1E7-DA407D930639}.Release|Any CPU.Build.0 = Release|Any CPU
	EndGlobalSection
	GlobalSection(SolutionProperties) = preSolution
		HideSolutionNode = FALSE
	EndGlobalSection
	GlobalSection(ExtensibilityGlobals) = postSolution
		SolutionGuid = {1B8CD1F5-8E01-4832-BA5E-8B7EA1CAA09E}
	EndGlobalSection
EndGlobal
